dependencies:
- name: mongodb-sharded
  repository: https://charts.bitnami.com/bitnami
  version: 6.5.3
- name: mongodb-sharded
  repository: https://charts.bitnami.com/bitnami
  version: 6.5.3
- name: mongodb-sharded
  repository: https://charts.bitnami.com/bitnami
  version: 6.5.3
digest: sha256:b2d104410222bb5db2253956c671e5ef3f8b1c4d0baac32a326ec98e3c7f9405
generated: "2023-05-22T10:48:02.941500053+02:00"
